
Microsoft Visual Studio Solution File, Format Version 12.00
# Visual Studio 15
VisualStudioVersion = 15.0.26124.0
MinimumVisualStudioVersion = 15.0.26124.0
Project("{2150E333-8FDC-42A3-9474-1A3956D46DE8}") = "experiments", "experiments", "{02F4E7F5-12E5-4D96-BEAA-E8C409337AE8}"
EndProject
Project("{FAE04EC0-301F-11D3-BF4B-00C04F79EFBC}") = "playground", "experiments\playground\playground.csproj", "{AD05DB97-2912-4AB9-AB56-FE15D8539992}"
EndProject
Project("{FAE04EC0-301F-11D3-BF4B-00C04F79EFBC}") = "sampleLib", "experiments\sampleLib\sampleLib.csproj", "{D968087A-05A2-4CAC-B929-174D87FB8406}"
EndProject
Project("{2150E333-8FDC-42A3-9474-1A3956D46DE8}") = "Bolt", "Bolt", "{2E1FCF13-1072-46DB-AC95-36583A9AE0BC}"
EndProject
Project("{2150E333-8FDC-42A3-9474-1A3956D46DE8}") = "Test", "Test", "{A3AAEBCD-0F04-433B-882A-CAAF926A5334}"
EndProject
Project("{2150E333-8FDC-42A3-9474-1A3956D46DE8}") = "Src", "Src", "{B7B5750B-7980-471B-A770-CE178F761CF3}"
EndProject
Project("{FAE04EC0-301F-11D3-BF4B-00C04F79EFBC}") = "Iago.Spec", "src\Iago.Spec\Iago.Spec.csproj", "{95BAE029-C1B3-487B-B384-C1394E7B94B6}"
EndProject
Project("{FAE04EC0-301F-11D3-BF4B-00C04F79EFBC}") = "Iago.Runner", "src\Iago.Runner\Iago.Runner.csproj", "{BC73E061-016B-407D-B043-4BE13740DCB3}"
EndProject
Project("{FAE04EC0-301F-11D3-BF4B-00C04F79EFBC}") = "Iago.Core", "src\Iago.Core\Iago.Core.csproj", "{9A4CB506-8299-473D-AEA4-74E35900C2D6}"
EndProject
Project("{FAE04EC0-301F-11D3-BF4B-00C04F79EFBC}") = "Bolt", "bolt\Bolt\Bolt.csproj", "{1366290A-DDE0-44F1-AA94-8C4FF648B42A}"
EndProject
Project("{FAE04EC0-301F-11D3-BF4B-00C04F79EFBC}") = "Bolt.Tests", "bolt\Bolt.Tests\Bolt.Tests.csproj", "{6602B32D-45C4-49EE-9D38-85918A039CEA}"
EndProject
Project("{FAE04EC0-301F-11D3-BF4B-00C04F79EFBC}") = "Iago.Core.Tests", "test\Iago.Core.Tests\Iago.Core.Tests.csproj", "{A441574F-8E40-4A2E-9D06-6700C1F0B74E}"
EndProject
Project("{FAE04EC0-301F-11D3-BF4B-00C04F79EFBC}") = "Iago.Spec.Tests", "test\Iago.Spec.Tests\Iago.Spec.Tests.csproj", "{B95A4B2E-4B28-4B18-91D3-A341F0A8AD4A}"
EndProject
Global
	GlobalSection(SolutionConfigurationPlatforms) = preSolution
		Debug|Any CPU = Debug|Any CPU
		Debug|x64 = Debug|x64
		Debug|x86 = Debug|x86
		Release|Any CPU = Release|Any CPU
		Release|x64 = Release|x64
		Release|x86 = Release|x86
	EndGlobalSection
	GlobalSection(SolutionProperties) = preSolution
		HideSolutionNode = FALSE
	EndGlobalSection
	GlobalSection(ProjectConfigurationPlatforms) = postSolution
		{AD05DB97-2912-4AB9-AB56-FE15D8539992}.Debug|Any CPU.ActiveCfg = Debug|Any CPU
		{AD05DB97-2912-4AB9-AB56-FE15D8539992}.Debug|Any CPU.Build.0 = Debug|Any CPU
		{AD05DB97-2912-4AB9-AB56-FE15D8539992}.Debug|x64.ActiveCfg = Debug|Any CPU
		{AD05DB97-2912-4AB9-AB56-FE15D8539992}.Debug|x64.Build.0 = Debug|Any CPU
		{AD05DB97-2912-4AB9-AB56-FE15D8539992}.Debug|x86.ActiveCfg = Debug|Any CPU
		{AD05DB97-2912-4AB9-AB56-FE15D8539992}.Debug|x86.Build.0 = Debug|Any CPU
		{AD05DB97-2912-4AB9-AB56-FE15D8539992}.Release|Any CPU.ActiveCfg = Release|Any CPU
		{AD05DB97-2912-4AB9-AB56-FE15D8539992}.Release|Any CPU.Build.0 = Release|Any CPU
		{AD05DB97-2912-4AB9-AB56-FE15D8539992}.Release|x64.ActiveCfg = Release|Any CPU
		{AD05DB97-2912-4AB9-AB56-FE15D8539992}.Release|x64.Build.0 = Release|Any CPU
		{AD05DB97-2912-4AB9-AB56-FE15D8539992}.Release|x86.ActiveCfg = Release|Any CPU
		{AD05DB97-2912-4AB9-AB56-FE15D8539992}.Release|x86.Build.0 = Release|Any CPU
		{D968087A-05A2-4CAC-B929-174D87FB8406}.Debug|Any CPU.ActiveCfg = Debug|Any CPU
		{D968087A-05A2-4CAC-B929-174D87FB8406}.Debug|Any CPU.Build.0 = Debug|Any CPU
		{D968087A-05A2-4CAC-B929-174D87FB8406}.Debug|x64.ActiveCfg = Debug|Any CPU
		{D968087A-05A2-4CAC-B929-174D87FB8406}.Debug|x64.Build.0 = Debug|Any CPU
		{D968087A-05A2-4CAC-B929-174D87FB8406}.Debug|x86.ActiveCfg = Debug|Any CPU
		{D968087A-05A2-4CAC-B929-174D87FB8406}.Debug|x86.Build.0 = Debug|Any CPU
		{D968087A-05A2-4CAC-B929-174D87FB8406}.Release|Any CPU.ActiveCfg = Release|Any CPU
		{D968087A-05A2-4CAC-B929-174D87FB8406}.Release|Any CPU.Build.0 = Release|Any CPU
		{D968087A-05A2-4CAC-B929-174D87FB8406}.Release|x64.ActiveCfg = Release|Any CPU
		{D968087A-05A2-4CAC-B929-174D87FB8406}.Release|x64.Build.0 = Release|Any CPU
		{D968087A-05A2-4CAC-B929-174D87FB8406}.Release|x86.ActiveCfg = Release|Any CPU
		{D968087A-05A2-4CAC-B929-174D87FB8406}.Release|x86.Build.0 = Release|Any CPU
		{95BAE029-C1B3-487B-B384-C1394E7B94B6}.Debug|Any CPU.ActiveCfg = Debug|Any CPU
		{95BAE029-C1B3-487B-B384-C1394E7B94B6}.Debug|Any CPU.Build.0 = Debug|Any CPU
		{95BAE029-C1B3-487B-B384-C1394E7B94B6}.Debug|x64.ActiveCfg = Debug|Any CPU
		{95BAE029-C1B3-487B-B384-C1394E7B94B6}.Debug|x64.Build.0 = Debug|Any CPU
		{95BAE029-C1B3-487B-B384-C1394E7B94B6}.Debug|x86.ActiveCfg = Debug|Any CPU
		{95BAE029-C1B3-487B-B384-C1394E7B94B6}.Debug|x86.Build.0 = Debug|Any CPU
		{95BAE029-C1B3-487B-B384-C1394E7B94B6}.Release|Any CPU.ActiveCfg = Release|Any CPU
		{95BAE029-C1B3-487B-B384-C1394E7B94B6}.Release|Any CPU.Build.0 = Release|Any CPU
		{95BAE029-C1B3-487B-B384-C1394E7B94B6}.Release|x64.ActiveCfg = Release|Any CPU
		{95BAE029-C1B3-487B-B384-C1394E7B94B6}.Release|x64.Build.0 = Release|Any CPU
		{95BAE029-C1B3-487B-B384-C1394E7B94B6}.Release|x86.ActiveCfg = Release|Any CPU
		{95BAE029-C1B3-487B-B384-C1394E7B94B6}.Release|x86.Build.0 = Release|Any CPU
		{BC73E061-016B-407D-B043-4BE13740DCB3}.Debug|Any CPU.ActiveCfg = Debug|Any CPU
		{BC73E061-016B-407D-B043-4BE13740DCB3}.Debug|Any CPU.Build.0 = Debug|Any CPU
		{BC73E061-016B-407D-B043-4BE13740DCB3}.Debug|x64.ActiveCfg = Debug|Any CPU
		{BC73E061-016B-407D-B043-4BE13740DCB3}.Debug|x64.Build.0 = Debug|Any CPU
		{BC73E061-016B-407D-B043-4BE13740DCB3}.Debug|x86.ActiveCfg = Debug|Any CPU
		{BC73E061-016B-407D-B043-4BE13740DCB3}.Debug|x86.Build.0 = Debug|Any CPU
		{BC73E061-016B-407D-B043-4BE13740DCB3}.Release|Any CPU.ActiveCfg = Release|Any CPU
		{BC73E061-016B-407D-B043-4BE13740DCB3}.Release|Any CPU.Build.0 = Release|Any CPU
		{BC73E061-016B-407D-B043-4BE13740DCB3}.Release|x64.ActiveCfg = Release|Any CPU
		{BC73E061-016B-407D-B043-4BE13740DCB3}.Release|x64.Build.0 = Release|Any CPU
		{BC73E061-016B-407D-B043-4BE13740DCB3}.Release|x86.ActiveCfg = Release|Any CPU
		{BC73E061-016B-407D-B043-4BE13740DCB3}.Release|x86.Build.0 = Release|Any CPU
		{9A4CB506-8299-473D-AEA4-74E35900C2D6}.Debug|Any CPU.ActiveCfg = Debug|Any CPU
		{9A4CB506-8299-473D-AEA4-74E35900C2D6}.Debug|Any CPU.Build.0 = Debug|Any CPU
		{9A4CB506-8299-473D-AEA4-74E35900C2D6}.Debug|x64.ActiveCfg = Debug|Any CPU
		{9A4CB506-8299-473D-AEA4-74E35900C2D6}.Debug|x64.Build.0 = Debug|Any CPU
		{9A4CB506-8299-473D-AEA4-74E35900C2D6}.Debug|x86.ActiveCfg = Debug|Any CPU
		{9A4CB506-8299-473D-AEA4-74E35900C2D6}.Debug|x86.Build.0 = Debug|Any CPU
		{9A4CB506-8299-473D-AEA4-74E35900C2D6}.Release|Any CPU.ActiveCfg = Release|Any CPU
		{9A4CB506-8299-473D-AEA4-74E35900C2D6}.Release|Any CPU.Build.0 = Release|Any CPU
		{9A4CB506-8299-473D-AEA4-74E35900C2D6}.Release|x64.ActiveCfg = Release|Any CPU
		{9A4CB506-8299-473D-AEA4-74E35900C2D6}.Release|x64.Build.0 = Release|Any CPU
		{9A4CB506-8299-473D-AEA4-74E35900C2D6}.Release|x86.ActiveCfg = Release|Any CPU
		{9A4CB506-8299-473D-AEA4-74E35900C2D6}.Release|x86.Build.0 = Release|Any CPU
		{1366290A-DDE0-44F1-AA94-8C4FF648B42A}.Debug|Any CPU.ActiveCfg = Debug|Any CPU
		{1366290A-DDE0-44F1-AA94-8C4FF648B42A}.Debug|Any CPU.Build.0 = Debug|Any CPU
		{1366290A-DDE0-44F1-AA94-8C4FF648B42A}.Debug|x64.ActiveCfg = Debug|Any CPU
		{1366290A-DDE0-44F1-AA94-8C4FF648B42A}.Debug|x64.Build.0 = Debug|Any CPU
		{1366290A-DDE0-44F1-AA94-8C4FF648B42A}.Debug|x86.ActiveCfg = Debug|Any CPU
		{1366290A-DDE0-44F1-AA94-8C4FF648B42A}.Debug|x86.Build.0 = Debug|Any CPU
		{1366290A-DDE0-44F1-AA94-8C4FF648B42A}.Release|Any CPU.ActiveCfg = Release|Any CPU
		{1366290A-DDE0-44F1-AA94-8C4FF648B42A}.Release|Any CPU.Build.0 = Release|Any CPU
		{1366290A-DDE0-44F1-AA94-8C4FF648B42A}.Release|x64.ActiveCfg = Release|Any CPU
		{1366290A-DDE0-44F1-AA94-8C4FF648B42A}.Release|x64.Build.0 = Release|Any CPU
		{1366290A-DDE0-44F1-AA94-8C4FF648B42A}.Release|x86.ActiveCfg = Release|Any CPU
		{1366290A-DDE0-44F1-AA94-8C4FF648B42A}.Release|x86.Build.0 = Release|Any CPU
		{6602B32D-45C4-49EE-9D38-85918A039CEA}.Debug|Any CPU.ActiveCfg = Debug|Any CPU
		{6602B32D-45C4-49EE-9D38-85918A039CEA}.Debug|Any CPU.Build.0 = Debug|Any CPU
		{6602B32D-45C4-49EE-9D38-85918A039CEA}.Debug|x64.ActiveCfg = Debug|Any CPU
		{6602B32D-45C4-49EE-9D38-85918A039CEA}.Debug|x64.Build.0 = Debug|Any CPU
		{6602B32D-45C4-49EE-9D38-85918A039CEA}.Debug|x86.ActiveCfg = Debug|Any CPU
		{6602B32D-45C4-49EE-9D38-85918A039CEA}.Debug|x86.Build.0 = Debug|Any CPU
		{6602B32D-45C4-49EE-9D38-85918A039CEA}.Release|Any CPU.ActiveCfg = Release|Any CPU
		{6602B32D-45C4-49EE-9D38-85918A039CEA}.Release|Any CPU.Build.0 = Release|Any CPU
		{6602B32D-45C4-49EE-9D38-85918A039CEA}.Release|x64.ActiveCfg = Release|Any CPU
		{6602B32D-45C4-49EE-9D38-85918A039CEA}.Release|x64.Build.0 = Release|Any CPU
		{6602B32D-45C4-49EE-9D38-85918A039CEA}.Release|x86.ActiveCfg = Release|Any CPU
		{6602B32D-45C4-49EE-9D38-85918A039CEA}.Release|x86.Build.0 = Release|Any CPU
		{A441574F-8E40-4A2E-9D06-6700C1F0B74E}.Debug|Any CPU.ActiveCfg = Debug|Any CPU
		{A441574F-8E40-4A2E-9D06-6700C1F0B74E}.Debug|Any CPU.Build.0 = Debug|Any CPU
		{A441574F-8E40-4A2E-9D06-6700C1F0B74E}.Debug|x64.ActiveCfg = Debug|Any CPU
		{A441574F-8E40-4A2E-9D06-6700C1F0B74E}.Debug|x64.Build.0 = Debug|Any CPU
		{A441574F-8E40-4A2E-9D06-6700C1F0B74E}.Debug|x86.ActiveCfg = Debug|Any CPU
		{A441574F-8E40-4A2E-9D06-6700C1F0B74E}.Debug|x86.Build.0 = Debug|Any CPU
		{A441574F-8E40-4A2E-9D06-6700C1F0B74E}.Release|Any CPU.ActiveCfg = Release|Any CPU
		{A441574F-8E40-4A2E-9D06-6700C1F0B74E}.Release|Any CPU.Build.0 = Release|Any CPU
		{A441574F-8E40-4A2E-9D06-6700C1F0B74E}.Release|x64.ActiveCfg = Release|Any CPU
		{A441574F-8E40-4A2E-9D06-6700C1F0B74E}.Release|x64.Build.0 = Release|Any CPU
		{A441574F-8E40-4A2E-9D06-6700C1F0B74E}.Release|x86.ActiveCfg = Release|Any CPU
		{A441574F-8E40-4A2E-9D06-6700C1F0B74E}.Release|x86.Build.0 = Release|Any CPU
		{B95A4B2E-4B28-4B18-91D3-A341F0A8AD4A}.Debug|Any CPU.ActiveCfg = Debug|Any CPU
		{B95A4B2E-4B28-4B18-91D3-A341F0A8AD4A}.Debug|Any CPU.Build.0 = Debug|Any CPU
		{B95A4B2E-4B28-4B18-91D3-A341F0A8AD4A}.Debug|x64.ActiveCfg = Debug|Any CPU
		{B95A4B2E-4B28-4B18-91D3-A341F0A8AD4A}.Debug|x64.Build.0 = Debug|Any CPU
		{B95A4B2E-4B28-4B18-91D3-A341F0A8AD4A}.Debug|x86.ActiveCfg = Debug|Any CPU
		{B95A4B2E-4B28-4B18-91D3-A341F0A8AD4A}.Debug|x86.Build.0 = Debug|Any CPU
		{B95A4B2E-4B28-4B18-91D3-A341F0A8AD4A}.Release|Any CPU.ActiveCfg = Release|Any CPU
		{B95A4B2E-4B28-4B18-91D3-A341F0A8AD4A}.Release|Any CPU.Build.0 = Release|Any CPU
		{B95A4B2E-4B28-4B18-91D3-A341F0A8AD4A}.Release|x64.ActiveCfg = Release|Any CPU
		{B95A4B2E-4B28-4B18-91D3-A341F0A8AD4A}.Release|x64.Build.0 = Release|Any CPU
		{B95A4B2E-4B28-4B18-91D3-A341F0A8AD4A}.Release|x86.ActiveCfg = Release|Any CPU
		{B95A4B2E-4B28-4B18-91D3-A341F0A8AD4A}.Release|x86.Build.0 = Release|Any CPU
	EndGlobalSection
	GlobalSection(NestedProjects) = preSolution
		{AD05DB97-2912-4AB9-AB56-FE15D8539992} = {02F4E7F5-12E5-4D96-BEAA-E8C409337AE8}
		{D968087A-05A2-4CAC-B929-174D87FB8406} = {02F4E7F5-12E5-4D96-BEAA-E8C409337AE8}
		{95BAE029-C1B3-487B-B384-C1394E7B94B6} = {B7B5750B-7980-471B-A770-CE178F761CF3}
		{BC73E061-016B-407D-B043-4BE13740DCB3} = {B7B5750B-7980-471B-A770-CE178F761CF3}
		{9A4CB506-8299-473D-AEA4-74E35900C2D6} = {B7B5750B-7980-471B-A770-CE178F761CF3}
		{1366290A-DDE0-44F1-AA94-8C4FF648B42A} = {2E1FCF13-1072-46DB-AC95-36583A9AE0BC}
		{6602B32D-45C4-49EE-9D38-85918A039CEA} = {2E1FCF13-1072-46DB-AC95-36583A9AE0BC}
		{A441574F-8E40-4A2E-9D06-6700C1F0B74E} = {A3AAEBCD-0F04-433B-882A-CAAF926A5334}
		{B95A4B2E-4B28-4B18-91D3-A341F0A8AD4A} = {A3AAEBCD-0F04-433B-882A-CAAF926A5334}
	EndGlobalSection
EndGlobal
